
Microsoft Visual Studio Solution File, Format Version 12.00
# Visual Studio Version 17
VisualStudioVersion = 17.0.31903.59
MinimumVisualStudioVersion = 10.0.40219.1
Project("{FAE04EC0-301F-11D3-BF4B-00C04F79EFBC}") = "Test", "Test\my-budget-apptxt.Tests.csproj", "{3159010A-FFC8-469B-90AD-E8E7DEEE9312}"
EndProject
Project("{2150E333-8FDC-42A3-9474-1A3956D46DE8}") = "BudgetApp", "BudgetApp/my-budget-app.csproj", "{3DC69060-85DD-46DB-90F2-857A8BC31226}"
EndProject
Global
	GlobalSection(SolutionConfigurationPlatforms) = preSolution
		Debug|Any CPU = Debug|Any CPU
		Release|Any CPU = Release|Any CPU
	EndGlobalSection
	GlobalSection(SolutionProperties) = preSolution
		HideSolutionNode = FALSE
	EndGlobalSection
	GlobalSection(ProjectConfigurationPlatforms) = postSolution
		{3159010A-FFC8-469B-90AD-E8E7DEEE9312}.Debug|Any CPU.ActiveCfg = Debug|Any CPU
		{3159010A-FFC8-469B-90AD-E8E7DEEE9312}.Debug|Any CPU.Build.0 = Debug|Any CPU
		{3159010A-FFC8-469B-90AD-E8E7DEEE9312}.Release|Any CPU.ActiveCfg = Release|Any CPU
		{3159010A-FFC8-469B-90AD-E8E7DEEE9312}.Release|Any CPU.Build.0 = Release|Any CPU
		{AC9A873E-A51F-411C-BA1C-44E0E3EF474E}.Debug|Any CPU.ActiveCfg = Debug|Any CPU
		{AC9A873E-A51F-411C-BA1C-44E0E3EF474E}.Debug|Any CPU.Build.0 = Debug|Any CPU
		{AC9A873E-A51F-411C-BA1C-44E0E3EF474E}.Release|Any CPU.ActiveCfg = Release|Any CPU
		{AC9A873E-A51F-411C-BA1C-44E0E3EF474E}.Release|Any CPU.Build.0 = Release|Any CPU
	EndGlobalSection
	GlobalSection(NestedProjects) = preSolution
		{3159010A-FFC8-469B-90AD-E8E7DEEE9312} = {3DC69060-85DD-46DB-90F2-857A8BC31226}
		{AC9A873E-A51F-411C-BA1C-44E0E3EF474E} = {3DC69060-85DD-46DB-90F2-857A8BC31226}
	EndGlobalSection
EndGlobal
